
Microsoft Visual Studio Solution File, Format Version 12.00
# Visual Studio 14
VisualStudioVersion = 14.0.25420.1
MinimumVisualStudioVersion = 10.0.40219.1
Project("{F184B08F-C81C-45F6-A57F-5ABD9991F28F}") = "ex 5-9", "ex 5-9\ex 5-9.vbproj", "{D676C42A-E7C0-4073-9653-20ACB8DF55CA}"
EndProject
Global
	GlobalSection(SolutionConfigurationPlatforms) = preSolution
		Debug|Any CPU = Debug|Any CPU
		Release|Any CPU = Release|Any CPU
	EndGlobalSection
	GlobalSection(ProjectConfigurationPlatforms) = postSolution
		{D676C42A-E7C0-4073-9653-20ACB8DF55CA}.Debug|Any CPU.ActiveCfg = Debug|Any CPU
		{D676C42A-E7C0-4073-9653-20ACB8DF55CA}.Debug|Any CPU.Build.0 = Debug|Any CPU
		{D676C42A-E7C0-4073-9653-20ACB8DF55CA}.Release|Any CPU.ActiveCfg = Release|Any CPU
		{D676C42A-E7C0-4073-9653-20ACB8DF55CA}.Release|Any CPU.Build.0 = Release|Any CPU
	EndGlobalSection
	GlobalSection(SolutionProperties) = preSolution
		HideSolutionNode = FALSE
	EndGlobalSection
EndGlobal
