
Microsoft Visual Studio Solution File, Format Version 12.00
# Visual Studio 14
VisualStudioVersion = 14.0.25420.1
MinimumVisualStudioVersion = 10.0.40219.1
Project("{F184B08F-C81C-45F6-A57F-5ABD9991F28F}") = "ex5-4", "ex5-4\ex5-4.vbproj", "{5F406C83-D83B-4B5A-833F-98DC9EAEA084}"
EndProject
Global
	GlobalSection(SolutionConfigurationPlatforms) = preSolution
		Debug|Any CPU = Debug|Any CPU
		Release|Any CPU = Release|Any CPU
	EndGlobalSection
	GlobalSection(ProjectConfigurationPlatforms) = postSolution
		{5F406C83-D83B-4B5A-833F-98DC9EAEA084}.Debug|Any CPU.ActiveCfg = Debug|Any CPU
		{5F406C83-D83B-4B5A-833F-98DC9EAEA084}.Debug|Any CPU.Build.0 = Debug|Any CPU
		{5F406C83-D83B-4B5A-833F-98DC9EAEA084}.Release|Any CPU.ActiveCfg = Release|Any CPU
		{5F406C83-D83B-4B5A-833F-98DC9EAEA084}.Release|Any CPU.Build.0 = Release|Any CPU
	EndGlobalSection
	GlobalSection(SolutionProperties) = preSolution
		HideSolutionNode = FALSE
	EndGlobalSection
EndGlobal
